Microsoft Visual Studio Solution File, Format Version 12.00
# Visual Studio Version 16
VisualStudioVersion = 16.0.31004.235
MinimumVisualStudioVersion = 10.0.40219.1
Project("{2150E333-8FDC-42A3-9474-1A3956D46DE8}") = "src", "src", "{F396CB22-03BC-4176-A61F-DF0F18A215A7}"
EndProject
Project("{2150E333-8FDC-42A3-9474-1A3956D46DE8}") = "tests", "tests", "{773C7445-1821-47B4-96C4-41EBD7E39FF4}"
EndProject
Project("{D954291E-2A0B-460D-934E-DC6B0785DB48}") = "AudioPlayer", "src\AudioPlayer\AudioPlayer.shproj", "{D705AC8D-9D4A-4AD9-B4C2-EEE80F36CB7C}"
EndProject
Project("{FAE04EC0-301F-11D3-BF4B-00C04F79EFBC}") = "AudioPlayer.iOS", "src\iOS\AudioPlayer.iOS.csproj", "{1510BF33-EABE-4D7E-B075-9F18E5FD70A0}"
EndProject
Project("{FAE04EC0-301F-11D3-BF4B-00C04F79EFBC}") = "AudioPlayer.Droid", "src\Droid\AudioPlayer.Droid.csproj", "{CAB44323-6969-401C-8179-D683806E51BE}"
EndProject
Project("{9A19103F-16F7-4668-BE54-9A1E7A4F7556}") = "MvvmUtils", "src\MvvmUtils\MvvmUtils.csproj", "{5E95AEE4-4A55-4B84-A2BC-10325E5269EA}"
EndProject
Project("{FAE04EC0-301F-11D3-BF4B-00C04F79EFBC}") = "AudioPlayer.Core", "src\AudioPlayer.Core\AudioPlayer.Core.csproj", "{7F9D4A4B-0707-4502-8300-3E75ABA5FECF}"
EndProject
Project("{FAE04EC0-301F-11D3-BF4B-00C04F79EFBC}") = "AudioPlayer.Core.Tests", "tests\AudioPlayer.Core.Tests\AudioPlayer.Core.Tests.csproj", "{FFBBFD3E-E8F1-40B9-BE3B-384DA295D92B}"
EndProject
Project("{9A19103F-16F7-4668-BE54-9A1E7A4F7556}") = "AudioPlayerLib", "src\AudioPlayerLib\AudioPlayerLib.csproj", "{00F29A51-A463-4B06-B0AE-5115AC3BAE47}"
EndProject
Project("{9A19103F-16F7-4668-BE54-9A1E7A4F7556}") = "AudioPlayerLib.Tests", "tests\AudioPlayerLib.Tests\AudioPlayerLib.Tests.csproj", "{D99B4866-EF5F-4911-AE8A-E4E4BA2CC633}"
EndProject
Project("{FAE04EC0-301F-11D3-BF4B-00C04F79EFBC}") = "AudioPlayer.Services", "src\AudioPlayer.Services\AudioPlayer.Services.csproj", "{F31D0934-FA60-43F4-9912-D9996F572C3A}"
EndProject
Project("{FAE04EC0-301F-11D3-BF4B-00C04F79EFBC}") = "AudioPlayer.GTK", "src\GTK\AudioPlayer.GTK.csproj", "{A451A5C9-ACB9-4A67-9238-31872F3B91BA}"
EndProject
Project("{9344BDBB-3E7F-41FC-A0DD-8665D75EE146}") = "AudioPlayer.macOS", "src\macOS\AudioPlayer.macOS.csproj", "{B2355568-6925-4612-8E5C-D6420868BC93}"
EndProject
Project("{FAE04EC0-301F-11D3-BF4B-00C04F79EFBC}") = "AudioPlayer.Services.Impl", "src\AudioPlayer.Services.Impl\AudioPlayer.Services.Impl.csproj", "{95EBE2FD-0EA0-4713-B61D-0A479576AF3D}"
EndProject
Global
	GlobalSection(SolutionConfigurationPlatforms) = preSolution
		Debug|Any CPU = Debug|Any CPU
		Debug|iPhone = Debug|iPhone
		Debug|iPhoneSimulator = Debug|iPhoneSimulator
		Release|Any CPU = Release|Any CPU
		Release|iPhone = Release|iPhone
		Release|iPhoneSimulator = Release|iPhoneSimulator
	EndGlobalSection
	GlobalSection(ProjectConfigurationPlatforms) = postSolution
		{1510BF33-EABE-4D7E-B075-9F18E5FD70A0}.Debug|Any CPU.ActiveCfg = Debug|iPhoneSimulator
		{1510BF33-EABE-4D7E-B075-9F18E5FD70A0}.Debug|iPhone.ActiveCfg = Debug|iPhone
		{1510BF33-EABE-4D7E-B075-9F18E5FD70A0}.Debug|iPhone.Build.0 = Debug|iPhone
		{1510BF33-EABE-4D7E-B075-9F18E5FD70A0}.Debug|iPhoneSimulator.ActiveCfg = Debug|iPhoneSimulator
		{1510BF33-EABE-4D7E-B075-9F18E5FD70A0}.Debug|iPhoneSimulator.Build.0 = Debug|iPhoneSimulator
		{1510BF33-EABE-4D7E-B075-9F18E5FD70A0}.Release|Any CPU.ActiveCfg = Release|iPhoneSimulator
		{1510BF33-EABE-4D7E-B075-9F18E5FD70A0}.Release|iPhone.ActiveCfg = Release|iPhone
		{1510BF33-EABE-4D7E-B075-9F18E5FD70A0}.Release|iPhone.Build.0 = Release|iPhone
		{1510BF33-EABE-4D7E-B075-9F18E5FD70A0}.Release|iPhoneSimulator.ActiveCfg = Release|iPhoneSimulator
		{1510BF33-EABE-4D7E-B075-9F18E5FD70A0}.Release|iPhoneSimulator.Build.0 = Release|iPhoneSimulator
		{CAB44323-6969-401C-8179-D683806E51BE}.Debug|Any CPU.ActiveCfg = Debug|Any CPU
		{CAB44323-6969-401C-8179-D683806E51BE}.Debug|Any CPU.Build.0 = Debug|Any CPU
		{CAB44323-6969-401C-8179-D683806E51BE}.Debug|Any CPU.Deploy.0 = Debug|Any CPU
		{CAB44323-6969-401C-8179-D683806E51BE}.Debug|iPhone.ActiveCfg = Debug|Any CPU
		{CAB44323-6969-401C-8179-D683806E51BE}.Debug|iPhone.Build.0 = Debug|Any CPU
		{CAB44323-6969-401C-8179-D683806E51BE}.Debug|iPhoneSimulator.ActiveCfg = Debug|Any CPU
		{CAB44323-6969-401C-8179-D683806E51BE}.Debug|iPhoneSimulator.Build.0 = Debug|Any CPU
		{CAB44323-6969-401C-8179-D683806E51BE}.Release|Any CPU.ActiveCfg = Release|Any CPU
		{CAB44323-6969-401C-8179-D683806E51BE}.Release|Any CPU.Build.0 = Release|Any CPU
		{CAB44323-6969-401C-8179-D683806E51BE}.Release|Any CPU.Deploy.0 = Release|Any CPU
		{CAB44323-6969-401C-8179-D683806E51BE}.Release|iPhone.ActiveCfg = Release|Any CPU
		{CAB44323-6969-401C-8179-D683806E51BE}.Release|iPhone.Build.0 = Release|Any CPU
		{CAB44323-6969-401C-8179-D683806E51BE}.Release|iPhoneSimulator.ActiveCfg = Release|Any CPU
		{CAB44323-6969-401C-8179-D683806E51BE}.Release|iPhoneSimulator.Build.0 = Release|Any CPU
		{5E95AEE4-4A55-4B84-A2BC-10325E5269EA}.Debug|Any CPU.ActiveCfg = Debug|Any CPU
		{5E95AEE4-4A55-4B84-A2BC-10325E5269EA}.Debug|Any CPU.Build.0 = Debug|Any CPU
		{5E95AEE4-4A55-4B84-A2BC-10325E5269EA}.Debug|iPhone.ActiveCfg = Debug|Any CPU
		{5E95AEE4-4A55-4B84-A2BC-10325E5269EA}.Debug|iPhone.Build.0 = Debug|Any CPU
		{5E95AEE4-4A55-4B84-A2BC-10325E5269EA}.Debug|iPhoneSimulator.ActiveCfg = Debug|Any CPU
		{5E95AEE4-4A55-4B84-A2BC-10325E5269EA}.Debug|iPhoneSimulator.Build.0 = Debug|Any CPU
		{5E95AEE4-4A55-4B84-A2BC-10325E5269EA}.Release|Any CPU.ActiveCfg = Release|Any CPU
		{5E95AEE4-4A55-4B84-A2BC-10325E5269EA}.Release|Any CPU.Build.0 = Release|Any CPU
		{5E95AEE4-4A55-4B84-A2BC-10325E5269EA}.Release|iPhone.ActiveCfg = Release|Any CPU
		{5E95AEE4-4A55-4B84-A2BC-10325E5269EA}.Release|iPhone.Build.0 = Release|Any CPU
		{5E95AEE4-4A55-4B84-A2BC-10325E5269EA}.Release|iPhoneSimulator.ActiveCfg = Release|Any CPU
		{5E95AEE4-4A55-4B84-A2BC-10325E5269EA}.Release|iPhoneSimulator.Build.0 = Release|Any CPU
		{F198DF18-33E1-4FB4-ACF4-D0D3B1471D05}.Debug|Any CPU.ActiveCfg = Debug|Any CPU
		{F198DF18-33E1-4FB4-ACF4-D0D3B1471D05}.Debug|Any CPU.Build.0 = Debug|Any CPU
		{F198DF18-33E1-4FB4-ACF4-D0D3B1471D05}.Debug|iPhone.ActiveCfg = Debug|Any CPU
		{F198DF18-33E1-4FB4-ACF4-D0D3B1471D05}.Debug|iPhone.Build.0 = Debug|Any CPU
		{F198DF18-33E1-4FB4-ACF4-D0D3B1471D05}.Debug|iPhoneSimulator.ActiveCfg = Debug|Any CPU
		{F198DF18-33E1-4FB4-ACF4-D0D3B1471D05}.Debug|iPhoneSimulator.Build.0 = Debug|Any CPU
		{F198DF18-33E1-4FB4-ACF4-D0D3B1471D05}.Release|Any CPU.ActiveCfg = Release|Any CPU
		{F198DF18-33E1-4FB4-ACF4-D0D3B1471D05}.Release|Any CPU.Build.0 = Release|Any CPU
		{F198DF18-33E1-4FB4-ACF4-D0D3B1471D05}.Release|iPhone.ActiveCfg = Release|Any CPU
		{F198DF18-33E1-4FB4-ACF4-D0D3B1471D05}.Release|iPhone.Build.0 = Release|Any CPU
		{F198DF18-33E1-4FB4-ACF4-D0D3B1471D05}.Release|iPhoneSimulator.ActiveCfg = Release|Any CPU
		{F198DF18-33E1-4FB4-ACF4-D0D3B1471D05}.Release|iPhoneSimulator.Build.0 = Release|Any CPU
		{FFBBFD3E-E8F1-40B9-BE3B-384DA295D92B}.Debug|Any CPU.ActiveCfg = Debug|Any CPU
		{FFBBFD3E-E8F1-40B9-BE3B-384DA295D92B}.Debug|Any CPU.Build.0 = Debug|Any CPU
		{FFBBFD3E-E8F1-40B9-BE3B-384DA295D92B}.Debug|iPhone.ActiveCfg = Debug|Any CPU
		{FFBBFD3E-E8F1-40B9-BE3B-384DA295D92B}.Debug|iPhone.Build.0 = Debug|Any CPU
		{FFBBFD3E-E8F1-40B9-BE3B-384DA295D92B}.Debug|iPhoneSimulator.ActiveCfg = Debug|Any CPU
		{FFBBFD3E-E8F1-40B9-BE3B-384DA295D92B}.Debug|iPhoneSimulator.Build.0 = Debug|Any CPU
		{FFBBFD3E-E8F1-40B9-BE3B-384DA295D92B}.Release|Any CPU.ActiveCfg = Release|Any CPU
		{FFBBFD3E-E8F1-40B9-BE3B-384DA295D92B}.Release|Any CPU.Build.0 = Release|Any CPU
		{FFBBFD3E-E8F1-40B9-BE3B-384DA295D92B}.Release|iPhone.ActiveCfg = Release|Any CPU
		{FFBBFD3E-E8F1-40B9-BE3B-384DA295D92B}.Release|iPhone.Build.0 = Release|Any CPU
		{FFBBFD3E-E8F1-40B9-BE3B-384DA295D92B}.Release|iPhoneSimulator.ActiveCfg = Release|Any CPU
		{FFBBFD3E-E8F1-40B9-BE3B-384DA295D92B}.Release|iPhoneSimulator.Build.0 = Release|Any CPU
		{00F29A51-A463-4B06-B0AE-5115AC3BAE47}.Debug|Any CPU.ActiveCfg = Debug|Any CPU
		{00F29A51-A463-4B06-B0AE-5115AC3BAE47}.Debug|Any CPU.Build.0 = Debug|Any CPU
		{00F29A51-A463-4B06-B0AE-5115AC3BAE47}.Debug|iPhone.ActiveCfg = Debug|Any CPU
		{00F29A51-A463-4B06-B0AE-5115AC3BAE47}.Debug|iPhone.Build.0 = Debug|Any CPU
		{00F29A51-A463-4B06-B0AE-5115AC3BAE47}.Debug|iPhoneSimulator.ActiveCfg = Debug|Any CPU
		{00F29A51-A463-4B06-B0AE-5115AC3BAE47}.Debug|iPhoneSimulator.Build.0 = Debug|Any CPU
		{00F29A51-A463-4B06-B0AE-5115AC3BAE47}.Release|Any CPU.ActiveCfg = Release|Any CPU
		{00F29A51-A463-4B06-B0AE-5115AC3BAE47}.Release|Any CPU.Build.0 = Release|Any CPU
		{00F29A51-A463-4B06-B0AE-5115AC3BAE47}.Release|iPhone.ActiveCfg = Release|Any CPU
		{00F29A51-A463-4B06-B0AE-5115AC3BAE47}.Release|iPhone.Build.0 = Release|Any CPU
		{00F29A51-A463-4B06-B0AE-5115AC3BAE47}.Release|iPhoneSimulator.ActiveCfg = Release|Any CPU
		{00F29A51-A463-4B06-B0AE-5115AC3BAE47}.Release|iPhoneSimulator.Build.0 = Release|Any CPU
		{D99B4866-EF5F-4911-AE8A-E4E4BA2CC633}.Debug|Any CPU.ActiveCfg = Debug|Any CPU
		{D99B4866-EF5F-4911-AE8A-E4E4BA2CC633}.Debug|Any CPU.Build.0 = Debug|Any CPU
		{D99B4866-EF5F-4911-AE8A-E4E4BA2CC633}.Debug|iPhone.ActiveCfg = Debug|Any CPU
		{D99B4866-EF5F-4911-AE8A-E4E4BA2CC633}.Debug|iPhone.Build.0 = Debug|Any CPU
		{D99B4866-EF5F-4911-AE8A-E4E4BA2CC633}.Debug|iPhoneSimulator.ActiveCfg = Debug|Any CPU
		{D99B4866-EF5F-4911-AE8A-E4E4BA2CC633}.Debug|iPhoneSimulator.Build.0 = Debug|Any CPU
		{D99B4866-EF5F-4911-AE8A-E4E4BA2CC633}.Release|Any CPU.ActiveCfg = Release|Any CPU
		{D99B4866-EF5F-4911-AE8A-E4E4BA2CC633}.Release|Any CPU.Build.0 = Release|Any CPU
		{D99B4866-EF5F-4911-AE8A-E4E4BA2CC633}.Release|iPhone.ActiveCfg = Release|Any CPU
		{D99B4866-EF5F-4911-AE8A-E4E4BA2CC633}.Release|iPhone.Build.0 = Release|Any CPU
		{D99B4866-EF5F-4911-AE8A-E4E4BA2CC633}.Release|iPhoneSimulator.ActiveCfg = Release|Any CPU
		{D99B4866-EF5F-4911-AE8A-E4E4BA2CC633}.Release|iPhoneSimulator.Build.0 = Release|Any CPU
		{F31D0934-FA60-43F4-9912-D9996F572C3A}.Debug|Any CPU.ActiveCfg = Debug|Any CPU
		{F31D0934-FA60-43F4-9912-D9996F572C3A}.Debug|Any CPU.Build.0 = Debug|Any CPU
		{F31D0934-FA60-43F4-9912-D9996F572C3A}.Debug|iPhone.ActiveCfg = Debug|Any CPU
		{F31D0934-FA60-43F4-9912-D9996F572C3A}.Debug|iPhone.Build.0 = Debug|Any CPU
		{F31D0934-FA60-43F4-9912-D9996F572C3A}.Debug|iPhoneSimulator.ActiveCfg = Debug|Any CPU
		{F31D0934-FA60-43F4-9912-D9996F572C3A}.Debug|iPhoneSimulator.Build.0 = Debug|Any CPU
		{F31D0934-FA60-43F4-9912-D9996F572C3A}.Release|Any CPU.ActiveCfg = Release|Any CPU
		{F31D0934-FA60-43F4-9912-D9996F572C3A}.Release|Any CPU.Build.0 = Release|Any CPU
		{F31D0934-FA60-43F4-9912-D9996F572C3A}.Release|iPhone.ActiveCfg = Release|Any CPU
		{F31D0934-FA60-43F4-9912-D9996F572C3A}.Release|iPhone.Build.0 = Release|Any CPU
		{F31D0934-FA60-43F4-9912-D9996F572C3A}.Release|iPhoneSimulator.ActiveCfg = Release|Any CPU
		{F31D0934-FA60-43F4-9912-D9996F572C3A}.Release|iPhoneSimulator.Build.0 = Release|Any CPU
		{A451A5C9-ACB9-4A67-9238-31872F3B91BA}.Debug|Any CPU.ActiveCfg = Debug|iPhoneSimulator
		{A451A5C9-ACB9-4A67-9238-31872F3B91BA}.Debug|iPhone.ActiveCfg = Debug|iPhoneSimulator
		{A451A5C9-ACB9-4A67-9238-31872F3B91BA}.Debug|iPhone.Build.0 = Debug|iPhoneSimulator
		{A451A5C9-ACB9-4A67-9238-31872F3B91BA}.Debug|iPhoneSimulator.ActiveCfg = Debug|iPhoneSimulator
		{A451A5C9-ACB9-4A67-9238-31872F3B91BA}.Debug|iPhoneSimulator.Build.0 = Debug|iPhoneSimulator
		{A451A5C9-ACB9-4A67-9238-31872F3B91BA}.Release|Any CPU.ActiveCfg = Release|iPhoneSimulator
		{A451A5C9-ACB9-4A67-9238-31872F3B91BA}.Release|iPhone.ActiveCfg = Release|iPhoneSimulator
		{A451A5C9-ACB9-4A67-9238-31872F3B91BA}.Release|iPhone.Build.0 = Release|iPhoneSimulator
		{A451A5C9-ACB9-4A67-9238-31872F3B91BA}.Release|iPhoneSimulator.ActiveCfg = Release|iPhoneSimulator
		{A451A5C9-ACB9-4A67-9238-31872F3B91BA}.Release|iPhoneSimulator.Build.0 = Release|iPhoneSimulator
		{A54C52C3-B1D0-4B08-B43B-AE99F4301DAA}.Debug|Any CPU.ActiveCfg = Debug|iPhoneSimulator
		{A54C52C3-B1D0-4B08-B43B-AE99F4301DAA}.Debug|iPhone.ActiveCfg = Debug|iPhoneSimulator
		{A54C52C3-B1D0-4B08-B43B-AE99F4301DAA}.Debug|iPhone.Build.0 = Debug|iPhoneSimulator
		{A54C52C3-B1D0-4B08-B43B-AE99F4301DAA}.Debug|iPhoneSimulator.ActiveCfg = Debug|iPhoneSimulator
		{A54C52C3-B1D0-4B08-B43B-AE99F4301DAA}.Debug|iPhoneSimulator.Build.0 = Debug|iPhoneSimulator
		{A54C52C3-B1D0-4B08-B43B-AE99F4301DAA}.Release|Any CPU.ActiveCfg = Release|iPhoneSimulator
		{A54C52C3-B1D0-4B08-B43B-AE99F4301DAA}.Release|iPhone.ActiveCfg = Release|iPhoneSimulator
		{A54C52C3-B1D0-4B08-B43B-AE99F4301DAA}.Release|iPhone.Build.0 = Release|iPhoneSimulator
		{A54C52C3-B1D0-4B08-B43B-AE99F4301DAA}.Release|iPhoneSimulator.ActiveCfg = Release|iPhoneSimulator
		{A54C52C3-B1D0-4B08-B43B-AE99F4301DAA}.Release|iPhoneSimulator.Build.0 = Release|iPhoneSimulator
		{95EBE2FD-0EA0-4713-B61D-0A479576AF3D}.Debug|Any CPU.ActiveCfg = Debug|Any CPU
		{95EBE2FD-0EA0-4713-B61D-0A479576AF3D}.Debug|Any CPU.Build.0 = Debug|Any CPU
		{95EBE2FD-0EA0-4713-B61D-0A479576AF3D}.Debug|iPhone.ActiveCfg = Debug|Any CPU
		{95EBE2FD-0EA0-4713-B61D-0A479576AF3D}.Debug|iPhone.Build.0 = Debug|Any CPU
		{95EBE2FD-0EA0-4713-B61D-0A479576AF3D}.Debug|iPhoneSimulator.ActiveCfg = Debug|Any CPU
		{95EBE2FD-0EA0-4713-B61D-0A479576AF3D}.Debug|iPhoneSimulator.Build.0 = Debug|Any CPU
		{95EBE2FD-0EA0-4713-B61D-0A479576AF3D}.Release|Any CPU.ActiveCfg = Release|Any CPU
		{95EBE2FD-0EA0-4713-B61D-0A479576AF3D}.Release|Any CPU.Build.0 = Release|Any CPU
		{95EBE2FD-0EA0-4713-B61D-0A479576AF3D}.Release|iPhone.ActiveCfg = Release|Any CPU
		{95EBE2FD-0EA0-4713-B61D-0A479576AF3D}.Release|iPhone.Build.0 = Release|Any CPU
		{95EBE2FD-0EA0-4713-B61D-0A479576AF3D}.Release|iPhoneSimulator.ActiveCfg = Release|Any CPU
		{95EBE2FD-0EA0-4713-B61D-0A479576AF3D}.Release|iPhoneSimulator.Build.0 = Release|Any CPU
		{3EF50C2D-22BD-448F-B35F-BDC46286088A}.Debug|Any CPU.ActiveCfg = Debug|Any CPU
		{3EF50C2D-22BD-448F-B35F-BDC46286088A}.Debug|Any CPU.Build.0 = Debug|Any CPU
		{3EF50C2D-22BD-448F-B35F-BDC46286088A}.Debug|Any CPU.Deploy.0 = Debug|Any CPU
		{3EF50C2D-22BD-448F-B35F-BDC46286088A}.Debug|iPhone.ActiveCfg = Debug|Any CPU
		{3EF50C2D-22BD-448F-B35F-BDC46286088A}.Debug|iPhone.Build.0 = Debug|Any CPU
		{3EF50C2D-22BD-448F-B35F-BDC46286088A}.Debug|iPhone.Deploy.0 = Debug|Any CPU
		{3EF50C2D-22BD-448F-B35F-BDC46286088A}.Debug|iPhoneSimulator.ActiveCfg = Debug|Any CPU
		{3EF50C2D-22BD-448F-B35F-BDC46286088A}.Debug|iPhoneSimulator.Build.0 = Debug|Any CPU
		{3EF50C2D-22BD-448F-B35F-BDC46286088A}.Debug|iPhoneSimulator.Deploy.0 = Debug|Any CPU
		{3EF50C2D-22BD-448F-B35F-BDC46286088A}.Release|Any CPU.ActiveCfg = Release|Any CPU
		{3EF50C2D-22BD-448F-B35F-BDC46286088A}.Release|Any CPU.Build.0 = Release|Any CPU
		{3EF50C2D-22BD-448F-B35F-BDC46286088A}.Release|Any CPU.Deploy.0 = Release|Any CPU
		{3EF50C2D-22BD-448F-B35F-BDC46286088A}.Release|iPhone.ActiveCfg = Release|Any CPU
		{3EF50C2D-22BD-448F-B35F-BDC46286088A}.Release|iPhone.Build.0 = Release|Any CPU
		{3EF50C2D-22BD-448F-B35F-BDC46286088A}.Release|iPhone.Deploy.0 = Release|Any CPU
		{3EF50C2D-22BD-448F-B35F-BDC46286088A}.Release|iPhoneSimulator.ActiveCfg = Release|Any CPU
		{3EF50C2D-22BD-448F-B35F-BDC46286088A}.Release|iPhoneSimulator.Build.0 = Release|Any CPU
		{3EF50C2D-22BD-448F-B35F-BDC46286088A}.Release|iPhoneSimulator.Deploy.0 = Release|Any CPU
		{04114CBF-7B38-4B15-98E9-EAA15FAD5E11}.Debug|Any CPU.ActiveCfg = Debug|iPhoneSimulator
		{04114CBF-7B38-4B15-98E9-EAA15FAD5E11}.Debug|iPhone.ActiveCfg = Debug|iPhone
		{04114CBF-7B38-4B15-98E9-EAA15FAD5E11}.Debug|iPhone.Build.0 = Debug|iPhone
		{04114CBF-7B38-4B15-98E9-EAA15FAD5E11}.Debug|iPhoneSimulator.ActiveCfg = Debug|iPhoneSimulator
		{04114CBF-7B38-4B15-98E9-EAA15FAD5E11}.Debug|iPhoneSimulator.Build.0 = Debug|iPhoneSimulator
		{04114CBF-7B38-4B15-98E9-EAA15FAD5E11}.Release|Any CPU.ActiveCfg = Release|iPhoneSimulator
		{04114CBF-7B38-4B15-98E9-EAA15FAD5E11}.Release|iPhone.ActiveCfg = Release|iPhone
		{04114CBF-7B38-4B15-98E9-EAA15FAD5E11}.Release|iPhone.Build.0 = Release|iPhone
		{04114CBF-7B38-4B15-98E9-EAA15FAD5E11}.Release|iPhoneSimulator.ActiveCfg = Release|iPhoneSimulator
		{04114CBF-7B38-4B15-98E9-EAA15FAD5E11}.Release|iPhoneSimulator.Build.0 = Release|iPhoneSimulator
		{B38CFF02-82AC-4AA1-BF12-AB0C765164D2}.Debug|Any CPU.ActiveCfg = Debug|Any CPU
		{B38CFF02-82AC-4AA1-BF12-AB0C765164D2}.Debug|Any CPU.Build.0 = Debug|Any CPU
		{B38CFF02-82AC-4AA1-BF12-AB0C765164D2}.Debug|iPhone.ActiveCfg = Debug|Any CPU
		{B38CFF02-82AC-4AA1-BF12-AB0C765164D2}.Debug|iPhone.Build.0 = Debug|Any CPU
		{B38CFF02-82AC-4AA1-BF12-AB0C765164D2}.Debug|iPhoneSimulator.ActiveCfg = Debug|Any CPU
		{B38CFF02-82AC-4AA1-BF12-AB0C765164D2}.Debug|iPhoneSimulator.Build.0 = Debug|Any CPU
		{B38CFF02-82AC-4AA1-BF12-AB0C765164D2}.Release|Any CPU.ActiveCfg = Release|Any CPU
		{B38CFF02-82AC-4AA1-BF12-AB0C765164D2}.Release|Any CPU.Build.0 = Release|Any CPU
		{B38CFF02-82AC-4AA1-BF12-AB0C765164D2}.Release|iPhone.ActiveCfg = Release|Any CPU
		{B38CFF02-82AC-4AA1-BF12-AB0C765164D2}.Release|iPhone.Build.0 = Release|Any CPU
		{B38CFF02-82AC-4AA1-BF12-AB0C765164D2}.Release|iPhoneSimulator.ActiveCfg = Release|Any CPU
		{B38CFF02-82AC-4AA1-BF12-AB0C765164D2}.Release|iPhoneSimulator.Build.0 = Release|Any CPU
	EndGlobalSection
	GlobalSection(SolutionProperties) = preSolution
		HideSolutionNode = FALSE
	EndGlobalSection
	GlobalSection(NestedProjects) = preSolution
		{1510BF33-EABE-4D7E-B075-9F18E5FD70A0} = {F396CB22-03BC-4176-A61F-DF0F18A215A7}
		{CAB44323-6969-401C-8179-D683806E51BE} = {F396CB22-03BC-4176-A61F-DF0F18A215A7}
		{5E95AEE4-4A55-4B84-A2BC-10325E5269EA} = {F396CB22-03BC-4176-A61F-DF0F18A215A7}
		{F198DF18-33E1-4FB4-ACF4-D0D3B1471D05} = {773C7445-1821-47B4-96C4-41EBD7E39FF4}
		{FFBBFD3E-E8F1-40B9-BE3B-384DA295D92B} = {773C7445-1821-47B4-96C4-41EBD7E39FF4}
		{00F29A51-A463-4B06-B0AE-5115AC3BAE47} = {F396CB22-03BC-4176-A61F-DF0F18A215A7}
		{D99B4866-EF5F-4911-AE8A-E4E4BA2CC633} = {773C7445-1821-47B4-96C4-41EBD7E39FF4}
		{F31D0934-FA60-43F4-9912-D9996F572C3A} = {F396CB22-03BC-4176-A61F-DF0F18A215A7}
		{A451A5C9-ACB9-4A67-9238-31872F3B91BA} = {F396CB22-03BC-4176-A61F-DF0F18A215A7}
		{A54C52C3-B1D0-4B08-B43B-AE99F4301DAA} = {F396CB22-03BC-4176-A61F-DF0F18A215A7}
		{95EBE2FD-0EA0-4713-B61D-0A479576AF3D} = {F396CB22-03BC-4176-A61F-DF0F18A215A7}
		{3EF50C2D-22BD-448F-B35F-BDC46286088A} = {F396CB22-03BC-4176-A61F-DF0F18A215A7}
		{04114CBF-7B38-4B15-98E9-EAA15FAD5E11} = {F396CB22-03BC-4176-A61F-DF0F18A215A7}
		{B38CFF02-82AC-4AA1-BF12-AB0C765164D2} = {F396CB22-03BC-4176-A61F-DF0F18A215A7}
	EndGlobalSection
	GlobalSection(ExtensibilityGlobals) = postSolution
		SolutionGuid = {D6A06836-DA58-4D4B-9DEB-52FF87A80EBD}
	EndGlobalSection
EndGlobal
