
Microsoft Visual Studio Solution File, Format Version 12.00
# Visual Studio 2012
Project("{2150E333-8FDC-42A3-9474-1A3956D46DE8}") = "src", "src", "{F396CB22-03BC-4176-A61F-DF0F18A215A7}"
EndProject
Project("{2150E333-8FDC-42A3-9474-1A3956D46DE8}") = "tests", "tests", "{773C7445-1821-47B4-96C4-41EBD7E39FF4}"
EndProject
Project("{D954291E-2A0B-460D-934E-DC6B0785DB48}") = "Axis.AudioPlayer", "src\Axis.AudioPlayer\Axis.AudioPlayer.shproj", "{D705AC8D-9D4A-4AD9-B4C2-EEE80F36CB7C}"
EndProject
Project("{FAE04EC0-301F-11D3-BF4B-00C04F79EFBC}") = "Axis.AudioPlayer.iOS", "src\iOS\Axis.AudioPlayer.iOS.csproj", "{1510BF33-EABE-4D7E-B075-9F18E5FD70A0}"
EndProject
Project("{FAE04EC0-301F-11D3-BF4B-00C04F79EFBC}") = "Axis.AudioPlayer.Droid", "src\Droid\Axis.AudioPlayer.Droid.csproj", "{CAB44323-6969-401C-8179-D683806E51BE}"
EndProject
Project("{FAE04EC0-301F-11D3-BF4B-00C04F79EFBC}") = "Axis.AudioPlayer.macOS", "src\macOS\Axis.AudioPlayer.macOS.csproj", "{A54C52C3-B1D0-4B08-B43B-AE99F4301DAA}"
EndProject
Project("{FAE04EC0-301F-11D3-BF4B-00C04F79EFBC}") = "MvvmUtils", "src\MvvmUtils\MvvmUtils.csproj", "{5E95AEE4-4A55-4B84-A2BC-10325E5269EA}"
EndProject
Project("{FAE04EC0-301F-11D3-BF4B-00C04F79EFBC}") = "MvvmUtils.Tests", "tests\MvvmUtils.Tests\MvvmUtils.Tests.csproj", "{F198DF18-33E1-4FB4-ACF4-D0D3B1471D05}"
EndProject
Project("{FAE04EC0-301F-11D3-BF4B-00C04F79EFBC}") = "Axis.AudioPlayer.Core", "src\Axis.AudioPlayer.Core\Axis.AudioPlayer.Core.csproj", "{7F9D4A4B-0707-4502-8300-3E75ABA5FECF}"
EndProject
Project("{FAE04EC0-301F-11D3-BF4B-00C04F79EFBC}") = "Axis.AudioPlayer.Core.Tests", "tests\Axis.AudioPlayer.Core.Tests\Axis.AudioPlayer.Core.Tests.csproj", "{FFBBFD3E-E8F1-40B9-BE3B-384DA295D92B}"
EndProject
Global
	GlobalSection(SolutionConfigurationPlatforms) = preSolution
		Debug|iPhoneSimulator = Debug|iPhoneSimulator
		Release|iPhone = Release|iPhone
		Release|iPhoneSimulator = Release|iPhoneSimulator
		Debug|iPhone = Debug|iPhone
	EndGlobalSection
	GlobalSection(ProjectConfigurationPlatforms) = postSolution
		{1510BF33-EABE-4D7E-B075-9F18E5FD70A0}.Debug|iPhoneSimulator.ActiveCfg = Debug|iPhoneSimulator
		{1510BF33-EABE-4D7E-B075-9F18E5FD70A0}.Debug|iPhoneSimulator.Build.0 = Debug|iPhoneSimulator
		{1510BF33-EABE-4D7E-B075-9F18E5FD70A0}.Release|iPhone.ActiveCfg = Release|iPhone
		{1510BF33-EABE-4D7E-B075-9F18E5FD70A0}.Release|iPhone.Build.0 = Release|iPhone
		{1510BF33-EABE-4D7E-B075-9F18E5FD70A0}.Release|iPhoneSimulator.ActiveCfg = Release|iPhoneSimulator
		{1510BF33-EABE-4D7E-B075-9F18E5FD70A0}.Release|iPhoneSimulator.Build.0 = Release|iPhoneSimulator
		{1510BF33-EABE-4D7E-B075-9F18E5FD70A0}.Debug|iPhone.ActiveCfg = Debug|iPhone
		{1510BF33-EABE-4D7E-B075-9F18E5FD70A0}.Debug|iPhone.Build.0 = Debug|iPhone
		{CAB44323-6969-401C-8179-D683806E51BE}.Debug|iPhoneSimulator.ActiveCfg = Debug|Any CPU
		{CAB44323-6969-401C-8179-D683806E51BE}.Debug|iPhoneSimulator.Build.0 = Debug|Any CPU
		{CAB44323-6969-401C-8179-D683806E51BE}.Release|iPhone.ActiveCfg = Release|Any CPU
		{CAB44323-6969-401C-8179-D683806E51BE}.Release|iPhone.Build.0 = Release|Any CPU
		{CAB44323-6969-401C-8179-D683806E51BE}.Release|iPhoneSimulator.ActiveCfg = Release|Any CPU
		{CAB44323-6969-401C-8179-D683806E51BE}.Release|iPhoneSimulator.Build.0 = Release|Any CPU
		{CAB44323-6969-401C-8179-D683806E51BE}.Debug|iPhone.ActiveCfg = Debug|Any CPU
		{CAB44323-6969-401C-8179-D683806E51BE}.Debug|iPhone.Build.0 = Debug|Any CPU
		{A54C52C3-B1D0-4B08-B43B-AE99F4301DAA}.Debug|iPhoneSimulator.ActiveCfg = Debug|iPhoneSimulator
		{A54C52C3-B1D0-4B08-B43B-AE99F4301DAA}.Debug|iPhoneSimulator.Build.0 = Debug|iPhoneSimulator
		{A54C52C3-B1D0-4B08-B43B-AE99F4301DAA}.Release|iPhone.ActiveCfg = Release|iPhoneSimulator
		{A54C52C3-B1D0-4B08-B43B-AE99F4301DAA}.Release|iPhone.Build.0 = Release|iPhoneSimulator
		{A54C52C3-B1D0-4B08-B43B-AE99F4301DAA}.Release|iPhoneSimulator.ActiveCfg = Release|iPhoneSimulator
		{A54C52C3-B1D0-4B08-B43B-AE99F4301DAA}.Release|iPhoneSimulator.Build.0 = Release|iPhoneSimulator
		{A54C52C3-B1D0-4B08-B43B-AE99F4301DAA}.Debug|iPhone.ActiveCfg = Debug|iPhoneSimulator
		{A54C52C3-B1D0-4B08-B43B-AE99F4301DAA}.Debug|iPhone.Build.0 = Debug|iPhoneSimulator
		{5E95AEE4-4A55-4B84-A2BC-10325E5269EA}.Debug|iPhoneSimulator.ActiveCfg = Debug|Any CPU
		{5E95AEE4-4A55-4B84-A2BC-10325E5269EA}.Debug|iPhoneSimulator.Build.0 = Debug|Any CPU
		{5E95AEE4-4A55-4B84-A2BC-10325E5269EA}.Release|iPhone.ActiveCfg = Release|Any CPU
		{5E95AEE4-4A55-4B84-A2BC-10325E5269EA}.Release|iPhone.Build.0 = Release|Any CPU
		{5E95AEE4-4A55-4B84-A2BC-10325E5269EA}.Release|iPhoneSimulator.ActiveCfg = Release|Any CPU
		{5E95AEE4-4A55-4B84-A2BC-10325E5269EA}.Release|iPhoneSimulator.Build.0 = Release|Any CPU
		{5E95AEE4-4A55-4B84-A2BC-10325E5269EA}.Debug|iPhone.ActiveCfg = Debug|Any CPU
		{5E95AEE4-4A55-4B84-A2BC-10325E5269EA}.Debug|iPhone.Build.0 = Debug|Any CPU
		{F198DF18-33E1-4FB4-ACF4-D0D3B1471D05}.Debug|iPhoneSimulator.ActiveCfg = Debug|Any CPU
		{F198DF18-33E1-4FB4-ACF4-D0D3B1471D05}.Debug|iPhoneSimulator.Build.0 = Debug|Any CPU
		{F198DF18-33E1-4FB4-ACF4-D0D3B1471D05}.Release|iPhone.ActiveCfg = Release|Any CPU
		{F198DF18-33E1-4FB4-ACF4-D0D3B1471D05}.Release|iPhone.Build.0 = Release|Any CPU
		{F198DF18-33E1-4FB4-ACF4-D0D3B1471D05}.Release|iPhoneSimulator.ActiveCfg = Release|Any CPU
		{F198DF18-33E1-4FB4-ACF4-D0D3B1471D05}.Release|iPhoneSimulator.Build.0 = Release|Any CPU
		{F198DF18-33E1-4FB4-ACF4-D0D3B1471D05}.Debug|iPhone.ActiveCfg = Debug|Any CPU
		{F198DF18-33E1-4FB4-ACF4-D0D3B1471D05}.Debug|iPhone.Build.0 = Debug|Any CPU
		{7F9D4A4B-0707-4502-8300-3E75ABA5FECF}.Debug|iPhoneSimulator.ActiveCfg = Debug|Any CPU
		{7F9D4A4B-0707-4502-8300-3E75ABA5FECF}.Debug|iPhoneSimulator.Build.0 = Debug|Any CPU
		{7F9D4A4B-0707-4502-8300-3E75ABA5FECF}.Release|iPhone.ActiveCfg = Release|Any CPU
		{7F9D4A4B-0707-4502-8300-3E75ABA5FECF}.Release|iPhone.Build.0 = Release|Any CPU
		{7F9D4A4B-0707-4502-8300-3E75ABA5FECF}.Release|iPhoneSimulator.ActiveCfg = Release|Any CPU
		{7F9D4A4B-0707-4502-8300-3E75ABA5FECF}.Release|iPhoneSimulator.Build.0 = Release|Any CPU
		{7F9D4A4B-0707-4502-8300-3E75ABA5FECF}.Debug|iPhone.ActiveCfg = Debug|Any CPU
		{7F9D4A4B-0707-4502-8300-3E75ABA5FECF}.Debug|iPhone.Build.0 = Debug|Any CPU
		{FFBBFD3E-E8F1-40B9-BE3B-384DA295D92B}.Debug|iPhoneSimulator.ActiveCfg = Debug|Any CPU
		{FFBBFD3E-E8F1-40B9-BE3B-384DA295D92B}.Debug|iPhoneSimulator.Build.0 = Debug|Any CPU
		{FFBBFD3E-E8F1-40B9-BE3B-384DA295D92B}.Release|iPhone.ActiveCfg = Release|Any CPU
		{FFBBFD3E-E8F1-40B9-BE3B-384DA295D92B}.Release|iPhone.Build.0 = Release|Any CPU
		{FFBBFD3E-E8F1-40B9-BE3B-384DA295D92B}.Release|iPhoneSimulator.ActiveCfg = Release|Any CPU
		{FFBBFD3E-E8F1-40B9-BE3B-384DA295D92B}.Release|iPhoneSimulator.Build.0 = Release|Any CPU
		{FFBBFD3E-E8F1-40B9-BE3B-384DA295D92B}.Debug|iPhone.ActiveCfg = Debug|Any CPU
		{FFBBFD3E-E8F1-40B9-BE3B-384DA295D92B}.Debug|iPhone.Build.0 = Debug|Any CPU
	EndGlobalSection
	GlobalSection(NestedProjects) = preSolution
		{D705AC8D-9D4A-4AD9-B4C2-EEE80F36CB7C} = {F396CB22-03BC-4176-A61F-DF0F18A215A7}
		{1510BF33-EABE-4D7E-B075-9F18E5FD70A0} = {F396CB22-03BC-4176-A61F-DF0F18A215A7}
		{CAB44323-6969-401C-8179-D683806E51BE} = {F396CB22-03BC-4176-A61F-DF0F18A215A7}
		{A54C52C3-B1D0-4B08-B43B-AE99F4301DAA} = {F396CB22-03BC-4176-A61F-DF0F18A215A7}
		{5E95AEE4-4A55-4B84-A2BC-10325E5269EA} = {F396CB22-03BC-4176-A61F-DF0F18A215A7}
		{F198DF18-33E1-4FB4-ACF4-D0D3B1471D05} = {773C7445-1821-47B4-96C4-41EBD7E39FF4}
		{7F9D4A4B-0707-4502-8300-3E75ABA5FECF} = {F396CB22-03BC-4176-A61F-DF0F18A215A7}
		{FFBBFD3E-E8F1-40B9-BE3B-384DA295D92B} = {773C7445-1821-47B4-96C4-41EBD7E39FF4}
	EndGlobalSection
EndGlobal
